
Microsoft Visual Studio Solution File, Format Version 12.00
# Visual Studio Version 16
VisualStudioVersion = 16.0.29123.88
MinimumVisualStudioVersion = 10.0.40219.1
Project("{FAE04EC0-301F-11D3-BF4B-00C04F79EFBC}") = "EdiMicroservice.Api", "EdiMicroservice.Api\EdiMicroservice.Api.csproj", "{60AFF671-2833-4F29-947E-CCD6B5892FAE}"
EndProject
Global
	GlobalSection(SolutionConfigurationPlatforms) = preSolution
		Debug|Any CPU = Debug|Any CPU
		Release|Any CPU = Release|Any CPU
	EndGlobalSection
	GlobalSection(ProjectConfigurationPlatforms) = postSolution
		{60AFF671-2833-4F29-947E-CCD6B5892FAE}.Debug|Any CPU.ActiveCfg = Debug|Any CPU
		{60AFF671-2833-4F29-947E-CCD6B5892FAE}.Debug|Any CPU.Build.0 = Debug|Any CPU
		{60AFF671-2833-4F29-947E-CCD6B5892FAE}.Release|Any CPU.ActiveCfg = Release|Any CPU
		{60AFF671-2833-4F29-947E-CCD6B5892FAE}.Release|Any CPU.Build.0 = Release|Any CPU
	EndGlobalSection
	GlobalSection(SolutionProperties) = preSolution
		HideSolutionNode = FALSE
	EndGlobalSection
	GlobalSection(ExtensibilityGlobals) = postSolution
		SolutionGuid = {7CB7C5FF-9CA4-402F-A94B-28C8C82700F0}
	EndGlobalSection
EndGlobal
